
Microsoft Visual Studio Solution File, Format Version 12.00
# Visual Studio 2012
Project("{FAE04EC0-301F-11D3-BF4B-00C04F79EFBC}") = "Network", "Network\Network.csproj", "{5BB29303-0DF8-4D32-9117-A022C1B6FDB9}"
EndProject
Project("{FAE04EC0-301F-11D3-BF4B-00C04F79EFBC}") = "Model", "Model\Model.csproj", "{0D9CBF57-19A7-4007-8945-E5EE4584A6FB}"
EndProject
Project("{FAE04EC0-301F-11D3-BF4B-00C04F79EFBC}") = "Providers", "Providers\Providers.csproj", "{212C884F-28B5-42E7-98D7-5B449061A9A6}"
EndProject
Project("{FAE04EC0-301F-11D3-BF4B-00C04F79EFBC}") = "MirrorDriver", "MirrorDriver\MirrorDriver.csproj", "{18D98E23-BBFE-432B-861C-1A1DC4BD302B}"
EndProject
Project("{FAE04EC0-301F-11D3-BF4B-00C04F79EFBC}") = "Managers", "Managers\Managers.csproj", "{D7690163-2420-4DA8-B153-4F65D170461A}"
EndProject
Project("{FAE04EC0-301F-11D3-BF4B-00C04F79EFBC}") = "Controls", "Controls\Controls.csproj", "{762E0333-D531-425D-9C77-2482D60DB222}"
EndProject
Project("{FAE04EC0-301F-11D3-BF4B-00C04F79EFBC}") = "Client", "Client\Client.csproj", "{B71544E4-39F2-4357-B3F2-0F029CF6526B}"
EndProject
Project("{FAE04EC0-301F-11D3-BF4B-00C04F79EFBC}") = "Server", "Server\Server.csproj", "{5AF1276B-4671-40A7-B4D0-874DB269DD20}"
EndProject
Project("{FAE04EC0-301F-11D3-BF4B-00C04F79EFBC}") = "Introducer", "Introducer\Introducer.csproj", "{F320E59E-926A-4C39-A89D-5A6B11D06440}"
EndProject
Global
	GlobalSection(SolutionConfigurationPlatforms) = preSolution
		Debug|Any CPU = Debug|Any CPU
		Debug|x64 = Debug|x64
		Debug|x86 = Debug|x86
		Release|Any CPU = Release|Any CPU
		Release|x64 = Release|x64
		Release|x86 = Release|x86
	EndGlobalSection
	GlobalSection(ProjectConfigurationPlatforms) = postSolution
		{5BB29303-0DF8-4D32-9117-A022C1B6FDB9}.Debug|Any CPU.ActiveCfg = Debug|Any CPU
		{5BB29303-0DF8-4D32-9117-A022C1B6FDB9}.Debug|Any CPU.Build.0 = Debug|Any CPU
		{5BB29303-0DF8-4D32-9117-A022C1B6FDB9}.Debug|x64.ActiveCfg = Debug|Any CPU
		{5BB29303-0DF8-4D32-9117-A022C1B6FDB9}.Debug|x64.Build.0 = Debug|Any CPU
		{5BB29303-0DF8-4D32-9117-A022C1B6FDB9}.Debug|x86.ActiveCfg = Debug|Any CPU
		{5BB29303-0DF8-4D32-9117-A022C1B6FDB9}.Release|Any CPU.ActiveCfg = Release|Any CPU
		{5BB29303-0DF8-4D32-9117-A022C1B6FDB9}.Release|Any CPU.Build.0 = Release|Any CPU
		{5BB29303-0DF8-4D32-9117-A022C1B6FDB9}.Release|x64.ActiveCfg = Release|Any CPU
		{5BB29303-0DF8-4D32-9117-A022C1B6FDB9}.Release|x86.ActiveCfg = Release|Any CPU
		{0D9CBF57-19A7-4007-8945-E5EE4584A6FB}.Debug|Any CPU.ActiveCfg = Debug|Any CPU
		{0D9CBF57-19A7-4007-8945-E5EE4584A6FB}.Debug|Any CPU.Build.0 = Debug|Any CPU
		{0D9CBF57-19A7-4007-8945-E5EE4584A6FB}.Debug|x64.ActiveCfg = Debug|Any CPU
		{0D9CBF57-19A7-4007-8945-E5EE4584A6FB}.Debug|x64.Build.0 = Debug|Any CPU
		{0D9CBF57-19A7-4007-8945-E5EE4584A6FB}.Debug|x86.ActiveCfg = Debug|Any CPU
		{0D9CBF57-19A7-4007-8945-E5EE4584A6FB}.Release|Any CPU.ActiveCfg = Release|Any CPU
		{0D9CBF57-19A7-4007-8945-E5EE4584A6FB}.Release|Any CPU.Build.0 = Release|Any CPU
		{0D9CBF57-19A7-4007-8945-E5EE4584A6FB}.Release|x64.ActiveCfg = Release|Any CPU
		{0D9CBF57-19A7-4007-8945-E5EE4584A6FB}.Release|x86.ActiveCfg = Release|Any CPU
		{212C884F-28B5-42E7-98D7-5B449061A9A6}.Debug|Any CPU.ActiveCfg = Debug|Any CPU
		{212C884F-28B5-42E7-98D7-5B449061A9A6}.Debug|Any CPU.Build.0 = Debug|Any CPU
		{212C884F-28B5-42E7-98D7-5B449061A9A6}.Debug|x64.ActiveCfg = Debug|Any CPU
		{212C884F-28B5-42E7-98D7-5B449061A9A6}.Debug|x64.Build.0 = Debug|Any CPU
		{212C884F-28B5-42E7-98D7-5B449061A9A6}.Debug|x86.ActiveCfg = Debug|Any CPU
		{212C884F-28B5-42E7-98D7-5B449061A9A6}.Release|Any CPU.ActiveCfg = Release|Any CPU
		{212C884F-28B5-42E7-98D7-5B449061A9A6}.Release|Any CPU.Build.0 = Release|Any CPU
		{212C884F-28B5-42E7-98D7-5B449061A9A6}.Release|x64.ActiveCfg = Release|Any CPU
		{212C884F-28B5-42E7-98D7-5B449061A9A6}.Release|x86.ActiveCfg = Release|Any CPU
		{18D98E23-BBFE-432B-861C-1A1DC4BD302B}.Debug|Any CPU.ActiveCfg = Debug|Any CPU
		{18D98E23-BBFE-432B-861C-1A1DC4BD302B}.Debug|Any CPU.Build.0 = Debug|Any CPU
		{18D98E23-BBFE-432B-861C-1A1DC4BD302B}.Debug|x64.ActiveCfg = Debug|Any CPU
		{18D98E23-BBFE-432B-861C-1A1DC4BD302B}.Debug|x64.Build.0 = Debug|Any CPU
		{18D98E23-BBFE-432B-861C-1A1DC4BD302B}.Debug|x86.ActiveCfg = Debug|Any CPU
		{18D98E23-BBFE-432B-861C-1A1DC4BD302B}.Release|Any CPU.ActiveCfg = Release|Any CPU
		{18D98E23-BBFE-432B-861C-1A1DC4BD302B}.Release|Any CPU.Build.0 = Release|Any CPU
		{18D98E23-BBFE-432B-861C-1A1DC4BD302B}.Release|x64.ActiveCfg = Release|Any CPU
		{18D98E23-BBFE-432B-861C-1A1DC4BD302B}.Release|x86.ActiveCfg = Release|Any CPU
		{D7690163-2420-4DA8-B153-4F65D170461A}.Debug|Any CPU.ActiveCfg = Debug|Any CPU
		{D7690163-2420-4DA8-B153-4F65D170461A}.Debug|Any CPU.Build.0 = Debug|Any CPU
		{D7690163-2420-4DA8-B153-4F65D170461A}.Debug|x64.ActiveCfg = Debug|Any CPU
		{D7690163-2420-4DA8-B153-4F65D170461A}.Debug|x64.Build.0 = Debug|Any CPU
		{D7690163-2420-4DA8-B153-4F65D170461A}.Debug|x86.ActiveCfg = Debug|Any CPU
		{D7690163-2420-4DA8-B153-4F65D170461A}.Release|Any CPU.ActiveCfg = Release|Any CPU
		{D7690163-2420-4DA8-B153-4F65D170461A}.Release|Any CPU.Build.0 = Release|Any CPU
		{D7690163-2420-4DA8-B153-4F65D170461A}.Release|x64.ActiveCfg = Release|Any CPU
		{D7690163-2420-4DA8-B153-4F65D170461A}.Release|x86.ActiveCfg = Release|Any CPU
		{762E0333-D531-425D-9C77-2482D60DB222}.Debug|Any CPU.ActiveCfg = Debug|Any CPU
		{762E0333-D531-425D-9C77-2482D60DB222}.Debug|Any CPU.Build.0 = Debug|Any CPU
		{762E0333-D531-425D-9C77-2482D60DB222}.Debug|x64.ActiveCfg = Debug|Any CPU
		{762E0333-D531-425D-9C77-2482D60DB222}.Debug|x64.Build.0 = Debug|Any CPU
		{762E0333-D531-425D-9C77-2482D60DB222}.Debug|x86.ActiveCfg = Debug|Any CPU
		{762E0333-D531-425D-9C77-2482D60DB222}.Release|Any CPU.ActiveCfg = Release|Any CPU
		{762E0333-D531-425D-9C77-2482D60DB222}.Release|Any CPU.Build.0 = Release|Any CPU
		{762E0333-D531-425D-9C77-2482D60DB222}.Release|x64.ActiveCfg = Release|Any CPU
		{762E0333-D531-425D-9C77-2482D60DB222}.Release|x86.ActiveCfg = Release|Any CPU
		{B71544E4-39F2-4357-B3F2-0F029CF6526B}.Debug|Any CPU.ActiveCfg = Debug|Any CPU
		{B71544E4-39F2-4357-B3F2-0F029CF6526B}.Debug|Any CPU.Build.0 = Debug|Any CPU
		{B71544E4-39F2-4357-B3F2-0F029CF6526B}.Debug|x64.ActiveCfg = Debug|Any CPU
		{B71544E4-39F2-4357-B3F2-0F029CF6526B}.Debug|x64.Build.0 = Debug|Any CPU
		{B71544E4-39F2-4357-B3F2-0F029CF6526B}.Debug|x86.ActiveCfg = Debug|x86
		{B71544E4-39F2-4357-B3F2-0F029CF6526B}.Debug|x86.Build.0 = Debug|x86
		{B71544E4-39F2-4357-B3F2-0F029CF6526B}.Release|Any CPU.ActiveCfg = Release|Any CPU
		{B71544E4-39F2-4357-B3F2-0F029CF6526B}.Release|Any CPU.Build.0 = Release|Any CPU
		{B71544E4-39F2-4357-B3F2-0F029CF6526B}.Release|x64.ActiveCfg = Release|Any CPU
		{B71544E4-39F2-4357-B3F2-0F029CF6526B}.Release|x86.ActiveCfg = Release|x86
		{B71544E4-39F2-4357-B3F2-0F029CF6526B}.Release|x86.Build.0 = Release|x86
		{5AF1276B-4671-40A7-B4D0-874DB269DD20}.Debug|Any CPU.ActiveCfg = Debug|Any CPU
		{5AF1276B-4671-40A7-B4D0-874DB269DD20}.Debug|Any CPU.Build.0 = Debug|Any CPU
		{5AF1276B-4671-40A7-B4D0-874DB269DD20}.Debug|x64.ActiveCfg = Debug|Any CPU
		{5AF1276B-4671-40A7-B4D0-874DB269DD20}.Debug|x64.Build.0 = Debug|Any CPU
		{5AF1276B-4671-40A7-B4D0-874DB269DD20}.Debug|x86.ActiveCfg = Debug|Any CPU
		{5AF1276B-4671-40A7-B4D0-874DB269DD20}.Release|Any CPU.ActiveCfg = Release|Any CPU
		{5AF1276B-4671-40A7-B4D0-874DB269DD20}.Release|Any CPU.Build.0 = Release|Any CPU
		{5AF1276B-4671-40A7-B4D0-874DB269DD20}.Release|x64.ActiveCfg = Release|Any CPU
		{5AF1276B-4671-40A7-B4D0-874DB269DD20}.Release|x86.ActiveCfg = Release|Any CPU
		{F320E59E-926A-4C39-A89D-5A6B11D06440}.Debug|Any CPU.ActiveCfg = Debug|Any CPU
		{F320E59E-926A-4C39-A89D-5A6B11D06440}.Debug|Any CPU.Build.0 = Debug|Any CPU
		{F320E59E-926A-4C39-A89D-5A6B11D06440}.Debug|x64.ActiveCfg = Debug|Any CPU
		{F320E59E-926A-4C39-A89D-5A6B11D06440}.Debug|x64.Build.0 = Debug|Any CPU
		{F320E59E-926A-4C39-A89D-5A6B11D06440}.Debug|x86.ActiveCfg = Debug|Any CPU
		{F320E59E-926A-4C39-A89D-5A6B11D06440}.Release|Any CPU.ActiveCfg = Release|Any CPU
		{F320E59E-926A-4C39-A89D-5A6B11D06440}.Release|Any CPU.Build.0 = Release|Any CPU
		{F320E59E-926A-4C39-A89D-5A6B11D06440}.Release|x64.ActiveCfg = Release|Any CPU
		{F320E59E-926A-4C39-A89D-5A6B11D06440}.Release|x86.ActiveCfg = Release|Any CPU
	EndGlobalSection
	GlobalSection(SolutionProperties) = preSolution
		HideSolutionNode = FALSE
	EndGlobalSection
EndGlobal
